
Microsoft Visual Studio Solution File, Format Version 12.00
# Visual Studio Version 16
VisualStudioVersion = 16.0.30320.27
MinimumVisualStudioVersion = 10.0.40219.1
Project("{8BC9CEB8-8B4A-11D0-8D11-00A0C91BC942}") = "lec01", "lec01\lec01.vcxproj", "{7572BA3B-D610-4E13-8BF7-DC823508AAFF}"
EndProject
Global
	GlobalSection(SolutionConfigurationPlatforms) = preSolution
		Debug|x64 = Debug|x64
		Debug|x86 = Debug|x86
		Release|x64 = Release|x64
		Release|x86 = Release|x86
	EndGlobalSection
	GlobalSection(ProjectConfigurationPlatforms) = postSolution
		{7572BA3B-D610-4E13-8BF7-DC823508AAFF}.Debug|x64.ActiveCfg = Debug|x64
		{7572BA3B-D610-4E13-8BF7-DC823508AAFF}.Debug|x64.Build.0 = Debug|x64
		{7572BA3B-D610-4E13-8BF7-DC823508AAFF}.Debug|x86.ActiveCfg = Debug|Win32
		{7572BA3B-D610-4E13-8BF7-DC823508AAFF}.Debug|x86.Build.0 = Debug|Win32
		{7572BA3B-D610-4E13-8BF7-DC823508AAFF}.Release|x64.ActiveCfg = Release|x64
		{7572BA3B-D610-4E13-8BF7-DC823508AAFF}.Release|x64.Build.0 = Release|x64
		{7572BA3B-D610-4E13-8BF7-DC823508AAFF}.Release|x86.ActiveCfg = Release|Win32
		{7572BA3B-D610-4E13-8BF7-DC823508AAFF}.Release|x86.Build.0 = Release|Win32
	EndGlobalSection
	GlobalSection(SolutionProperties) = preSolution
		HideSolutionNode = FALSE
	EndGlobalSection
	GlobalSection(ExtensibilityGlobals) = postSolution
		SolutionGuid = {0C65EA03-AE29-437C-A634-E28F9AEE813D}
	EndGlobalSection
EndGlobal
